
Microsoft Visual Studio Solution File, Format Version 12.00
# Visual Studio Version 16
VisualStudioVersion = 16.0.31515.178
MinimumVisualStudioVersion = 10.0.40219.1
Project("{FAE04EC0-301F-11D3-BF4B-00C04F79EFBC}") = "CSharpNugetGenerator", "CSharpNugetGenerator\CSharpNugetGenerator.csproj", "{977E3D71-475E-4768-93FC-D415D43ECCB1}"
EndProject
Project("{FAE04EC0-301F-11D3-BF4B-00C04F79EFBC}") = "Utilities", "Utilities\Utilities.csproj", "{D2B0FF9A-B88D-4D64-85D4-635ADAA458C0}"
EndProject
Global
	GlobalSection(SolutionConfigurationPlatforms) = preSolution
		Debug|Any CPU = Debug|Any CPU
		Debug|x64 = Debug|x64
		Release|Any CPU = Release|Any CPU
		Release|x64 = Release|x64
	EndGlobalSection
	GlobalSection(ProjectConfigurationPlatforms) = postSolution
		{977E3D71-475E-4768-93FC-D415D43ECCB1}.Debug|Any CPU.ActiveCfg = Debug|Any CPU
		{977E3D71-475E-4768-93FC-D415D43ECCB1}.Debug|Any CPU.Build.0 = Debug|Any CPU
		{977E3D71-475E-4768-93FC-D415D43ECCB1}.Debug|x64.ActiveCfg = Debug|x64
		{977E3D71-475E-4768-93FC-D415D43ECCB1}.Debug|x64.Build.0 = Debug|x64
		{977E3D71-475E-4768-93FC-D415D43ECCB1}.Release|Any CPU.ActiveCfg = Release|Any CPU
		{977E3D71-475E-4768-93FC-D415D43ECCB1}.Release|Any CPU.Build.0 = Release|Any CPU
		{977E3D71-475E-4768-93FC-D415D43ECCB1}.Release|x64.ActiveCfg = Release|x64
		{977E3D71-475E-4768-93FC-D415D43ECCB1}.Release|x64.Build.0 = Release|x64
		{D2B0FF9A-B88D-4D64-85D4-635ADAA458C0}.Debug|Any CPU.ActiveCfg = Debug|Any CPU
		{D2B0FF9A-B88D-4D64-85D4-635ADAA458C0}.Debug|Any CPU.Build.0 = Debug|Any CPU
		{D2B0FF9A-B88D-4D64-85D4-635ADAA458C0}.Debug|x64.ActiveCfg = Debug|x64
		{D2B0FF9A-B88D-4D64-85D4-635ADAA458C0}.Debug|x64.Build.0 = Debug|x64
		{D2B0FF9A-B88D-4D64-85D4-635ADAA458C0}.Release|Any CPU.ActiveCfg = Release|Any CPU
		{D2B0FF9A-B88D-4D64-85D4-635ADAA458C0}.Release|Any CPU.Build.0 = Release|Any CPU
		{D2B0FF9A-B88D-4D64-85D4-635ADAA458C0}.Release|x64.ActiveCfg = Release|Any CPU
		{D2B0FF9A-B88D-4D64-85D4-635ADAA458C0}.Release|x64.Build.0 = Release|Any CPU
	EndGlobalSection
	GlobalSection(SolutionProperties) = preSolution
		HideSolutionNode = FALSE
	EndGlobalSection
	GlobalSection(ExtensibilityGlobals) = postSolution
		SolutionGuid = {439AD736-2EC6-4966-AEC0-0A516ECAFE68}
	EndGlobalSection
EndGlobal
